PODS:
  - fmemopen (0.0.1)
  - NSAttributedStringMarkdownParser (0.0.1):
    - fmemopen

DEPENDENCIES:
  - NSAttributedStringMarkdownParser

SPEC CHECKSUMS:
  fmemopen: 9985c0b5696288ac034514edc2eeaea6e5ae77ca
  NSAttributedStringMarkdownParser: fb93a47c4be94a80f4bd5e81dd8067cce5f7f5eb

COCOAPODS: 0.25.0
